
Microsoft Visual Studio Solution File, Format Version 12.00
# Visual Studio Version 16
VisualStudioVersion = 16.0.30128.74
MinimumVisualStudioVersion = 10.0.40219.1
Project("{FAE04EC0-301F-11D3-BF4B-00C04F79EFBC}") = "Экзамен", "Экзамен\Экзамен.csproj", "{9C6ED18E-FD24-4067-8B51-1A30EFA1EBB9}"
EndProject
Global
	GlobalSection(SolutionConfigurationPlatforms) = preSolution
		Debug|Any CPU = Debug|Any CPU
		Release|Any CPU = Release|Any CPU
	EndGlobalSection
	GlobalSection(ProjectConfigurationPlatforms) = postSolution
		{9C6ED18E-FD24-4067-8B51-1A30EFA1EBB9}.Debug|Any CPU.ActiveCfg = Debug|Any CPU
		{9C6ED18E-FD24-4067-8B51-1A30EFA1EBB9}.Debug|Any CPU.Build.0 = Debug|Any CPU
		{9C6ED18E-FD24-4067-8B51-1A30EFA1EBB9}.Release|Any CPU.ActiveCfg = Release|Any CPU
		{9C6ED18E-FD24-4067-8B51-1A30EFA1EBB9}.Release|Any CPU.Build.0 = Release|Any CPU
	EndGlobalSection
	GlobalSection(SolutionProperties) = preSolution
		HideSolutionNode = FALSE
	EndGlobalSection
	GlobalSection(ExtensibilityGlobals) = postSolution
		SolutionGuid = {298E9169-97BF-438B-A16E-12AAFDE1DCB4}
	EndGlobalSection
EndGlobal
